
Microsoft Visual Studio Solution File, Format Version 12.00
# Visual Studio Version 17
VisualStudioVersion = 17.7.34031.279
MinimumVisualStudioVersion = 10.0.40219.1
Project("{FAE04EC0-301F-11D3-BF4B-00C04F79EFBC}") = "loginRegister", "loginRegister\loginRegister.csproj", "{E8BD64A7-0AB9-4C2E-8BB2-8C705531E9F7}"
EndProject
Project("{2150E333-8FDC-42A3-9474-1A3956D46DE8}") = "FormIslemleri", "FormIslemleri", "{2B7A229A-7381-4EE0-8C90-A7AA19AFD863}"
EndProject
Global
	GlobalSection(SolutionConfigurationPlatforms) = preSolution
		Debug|Any CPU = Debug|Any CPU
		Release|Any CPU = Release|Any CPU
	EndGlobalSection
	GlobalSection(ProjectConfigurationPlatforms) = postSolution
		{E8BD64A7-0AB9-4C2E-8BB2-8C705531E9F7}.Debug|Any CPU.ActiveCfg = Debug|Any CPU
		{E8BD64A7-0AB9-4C2E-8BB2-8C705531E9F7}.Debug|Any CPU.Build.0 = Debug|Any CPU
		{E8BD64A7-0AB9-4C2E-8BB2-8C705531E9F7}.Release|Any CPU.ActiveCfg = Release|Any CPU
		{E8BD64A7-0AB9-4C2E-8BB2-8C705531E9F7}.Release|Any CPU.Build.0 = Release|Any CPU
	EndGlobalSection
	GlobalSection(SolutionProperties) = preSolution
		HideSolutionNode = FALSE
	EndGlobalSection
	GlobalSection(NestedProjects) = preSolution
		{E8BD64A7-0AB9-4C2E-8BB2-8C705531E9F7} = {2B7A229A-7381-4EE0-8C90-A7AA19AFD863}
	EndGlobalSection
	GlobalSection(ExtensibilityGlobals) = postSolution
		SolutionGuid = {674A8AFF-B7BF-4724-AA29-A2C17F58ACC6}
	EndGlobalSection
EndGlobal
